
Microsoft Visual Studio Solution File, Format Version 12.00
# Visual Studio 15
VisualStudioVersion = 15.0.27428.2043
MinimumVisualStudioVersion = 10.0.40219.1
Project("{2150E333-8FDC-42A3-9474-1A3956D46DE8}") = "Mobile", "Mobile", "{92275DBB-1BE7-4DBC-93C0-5341AA353E8C}"
EndProject
Project("{9A19103F-16F7-4668-BE54-9A1E7A4F7556}") = "ACENDE-TE.SESAMO.Mobile", "src\ACENDE-TE.SESAMO.Mobile\ACENDE-TE.SESAMO.Mobile\ACENDE-TE.SESAMO.Mobile.csproj", "{A480A32E-F178-4AA8-8A6A-82AF070C27E6}"
EndProject
Project("{FAE04EC0-301F-11D3-BF4B-00C04F79EFBC}") = "ACENDE-TE.SESAMO.Mobile.Android", "src\ACENDE-TE.SESAMO.Mobile\ACENDE-TE.SESAMO.Mobile.Android\ACENDE-TE.SESAMO.Mobile.Android.csproj", "{EEFBF8DA-8C2E-49E8-81D3-A6B7824D59EB}"
EndProject
Project("{FAE04EC0-301F-11D3-BF4B-00C04F79EFBC}") = "ACENDE-TE.SESAMO.Mobile.iOS", "src\ACENDE-TE.SESAMO.Mobile\ACENDE-TE.SESAMO.Mobile.iOS\ACENDE-TE.SESAMO.Mobile.iOS.csproj", "{1AC4D4D2-694C-4E12-8F65-180BB27766F9}"
EndProject
Project("{FAE04EC0-301F-11D3-BF4B-00C04F79EFBC}") = "ACENDE-TE.SESAMO.Mobile.UWP", "src\ACENDE-TE.SESAMO.Mobile\ACENDE-TE.SESAMO.Mobile.UWP\ACENDE-TE.SESAMO.Mobile.UWP.csproj", "{34E58818-D5EB-404C-9385-4DE0F9F1E030}"
EndProject
Project("{2150E333-8FDC-42A3-9474-1A3956D46DE8}") = "Shared", "Shared", "{68A7D041-575C-42DB-8437-61B0BB710D1E}"
EndProject
Project("{9A19103F-16F7-4668-BE54-9A1E7A4F7556}") = "ACENDE-TE.SESAMO.Shared", "src\ACENDE-TE.SESAMO.Shared\ACENDE-TE.SESAMO.Shared.csproj", "{ADCBD500-EC4A-4794-A798-BB1D0B039F7B}"
EndProject
Global
	GlobalSection(SolutionConfigurationPlatforms) = preSolution
		Ad-Hoc|Any CPU = Ad-Hoc|Any CPU
		Ad-Hoc|ARM = Ad-Hoc|ARM
		Ad-Hoc|iPhone = Ad-Hoc|iPhone
		Ad-Hoc|iPhoneSimulator = Ad-Hoc|iPhoneSimulator
		Ad-Hoc|x64 = Ad-Hoc|x64
		Ad-Hoc|x86 = Ad-Hoc|x86
		AppStore|Any CPU = AppStore|Any CPU
		AppStore|ARM = AppStore|ARM
		AppStore|iPhone = AppStore|iPhone
		AppStore|iPhoneSimulator = AppStore|iPhoneSimulator
		AppStore|x64 = AppStore|x64
		AppStore|x86 = AppStore|x86
		Debug|Any CPU = Debug|Any CPU
		Debug|ARM = Debug|ARM
		Debug|iPhone = Debug|iPhone
		Debug|iPhoneSimulator = Debug|iPhoneSimulator
		Debug|x64 = Debug|x64
		Debug|x86 = Debug|x86
		Release|Any CPU = Release|Any CPU
		Release|ARM = Release|ARM
		Release|iPhone = Release|iPhone
		Release|iPhoneSimulator = Release|iPhoneSimulator
		Release|x64 = Release|x64
		Release|x86 = Release|x86
	EndGlobalSection
	GlobalSection(ProjectConfigurationPlatforms) = postSolution
		{A480A32E-F178-4AA8-8A6A-82AF070C27E6}.Ad-Hoc|Any CPU.ActiveCfg = Debug|Any CPU
		{A480A32E-F178-4AA8-8A6A-82AF070C27E6}.Ad-Hoc|Any CPU.Build.0 = Debug|Any CPU
		{A480A32E-F178-4AA8-8A6A-82AF070C27E6}.Ad-Hoc|ARM.ActiveCfg = Debug|Any CPU
		{A480A32E-F178-4AA8-8A6A-82AF070C27E6}.Ad-Hoc|ARM.Build.0 = Debug|Any CPU
		{A480A32E-F178-4AA8-8A6A-82AF070C27E6}.Ad-Hoc|iPhone.ActiveCfg = Debug|Any CPU
		{A480A32E-F178-4AA8-8A6A-82AF070C27E6}.Ad-Hoc|iPhone.Build.0 = Debug|Any CPU
		{A480A32E-F178-4AA8-8A6A-82AF070C27E6}.Ad-Hoc|iPhoneSimulator.ActiveCfg = Debug|Any CPU
		{A480A32E-F178-4AA8-8A6A-82AF070C27E6}.Ad-Hoc|iPhoneSimulator.Build.0 = Debug|Any CPU
		{A480A32E-F178-4AA8-8A6A-82AF070C27E6}.Ad-Hoc|x64.ActiveCfg = Debug|Any CPU
		{A480A32E-F178-4AA8-8A6A-82AF070C27E6}.Ad-Hoc|x64.Build.0 = Debug|Any CPU
		{A480A32E-F178-4AA8-8A6A-82AF070C27E6}.Ad-Hoc|x86.ActiveCfg = Debug|Any CPU
		{A480A32E-F178-4AA8-8A6A-82AF070C27E6}.Ad-Hoc|x86.Build.0 = Debug|Any CPU
		{A480A32E-F178-4AA8-8A6A-82AF070C27E6}.AppStore|Any CPU.ActiveCfg = Debug|Any CPU
		{A480A32E-F178-4AA8-8A6A-82AF070C27E6}.AppStore|Any CPU.Build.0 = Debug|Any CPU
		{A480A32E-F178-4AA8-8A6A-82AF070C27E6}.AppStore|ARM.ActiveCfg = Debug|Any CPU
		{A480A32E-F178-4AA8-8A6A-82AF070C27E6}.AppStore|ARM.Build.0 = Debug|Any CPU
		{A480A32E-F178-4AA8-8A6A-82AF070C27E6}.AppStore|iPhone.ActiveCfg = Debug|Any CPU
		{A480A32E-F178-4AA8-8A6A-82AF070C27E6}.AppStore|iPhone.Build.0 = Debug|Any CPU
		{A480A32E-F178-4AA8-8A6A-82AF070C27E6}.AppStore|iPhoneSimulator.ActiveCfg = Debug|Any CPU
		{A480A32E-F178-4AA8-8A6A-82AF070C27E6}.AppStore|iPhoneSimulator.Build.0 = Debug|Any CPU
		{A480A32E-F178-4AA8-8A6A-82AF070C27E6}.AppStore|x64.ActiveCfg = Debug|Any CPU
		{A480A32E-F178-4AA8-8A6A-82AF070C27E6}.AppStore|x64.Build.0 = Debug|Any CPU
		{A480A32E-F178-4AA8-8A6A-82AF070C27E6}.AppStore|x86.ActiveCfg = Debug|Any CPU
		{A480A32E-F178-4AA8-8A6A-82AF070C27E6}.AppStore|x86.Build.0 = Debug|Any CPU
		{A480A32E-F178-4AA8-8A6A-82AF070C27E6}.Debug|Any CPU.ActiveCfg = Debug|Any CPU
		{A480A32E-F178-4AA8-8A6A-82AF070C27E6}.Debug|Any CPU.Build.0 = Debug|Any CPU
		{A480A32E-F178-4AA8-8A6A-82AF070C27E6}.Debug|ARM.ActiveCfg = Debug|Any CPU
		{A480A32E-F178-4AA8-8A6A-82AF070C27E6}.Debug|ARM.Build.0 = Debug|Any CPU
		{A480A32E-F178-4AA8-8A6A-82AF070C27E6}.Debug|iPhone.ActiveCfg = Debug|Any CPU
		{A480A32E-F178-4AA8-8A6A-82AF070C27E6}.Debug|iPhone.Build.0 = Debug|Any CPU
		{A480A32E-F178-4AA8-8A6A-82AF070C27E6}.Debug|iPhoneSimulator.ActiveCfg = Debug|Any CPU
		{A480A32E-F178-4AA8-8A6A-82AF070C27E6}.Debug|iPhoneSimulator.Build.0 = Debug|Any CPU
		{A480A32E-F178-4AA8-8A6A-82AF070C27E6}.Debug|x64.ActiveCfg = Debug|Any CPU
		{A480A32E-F178-4AA8-8A6A-82AF070C27E6}.Debug|x64.Build.0 = Debug|Any CPU
		{A480A32E-F178-4AA8-8A6A-82AF070C27E6}.Debug|x86.ActiveCfg = Debug|Any CPU
		{A480A32E-F178-4AA8-8A6A-82AF070C27E6}.Debug|x86.Build.0 = Debug|Any CPU
		{A480A32E-F178-4AA8-8A6A-82AF070C27E6}.Release|Any CPU.ActiveCfg = Release|Any CPU
		{A480A32E-F178-4AA8-8A6A-82AF070C27E6}.Release|Any CPU.Build.0 = Release|Any CPU
		{A480A32E-F178-4AA8-8A6A-82AF070C27E6}.Release|ARM.ActiveCfg = Release|Any CPU
		{A480A32E-F178-4AA8-8A6A-82AF070C27E6}.Release|ARM.Build.0 = Release|Any CPU
		{A480A32E-F178-4AA8-8A6A-82AF070C27E6}.Release|iPhone.ActiveCfg = Release|Any CPU
		{A480A32E-F178-4AA8-8A6A-82AF070C27E6}.Release|iPhone.Build.0 = Release|Any CPU
		{A480A32E-F178-4AA8-8A6A-82AF070C27E6}.Release|iPhoneSimulator.ActiveCfg = Release|Any CPU
		{A480A32E-F178-4AA8-8A6A-82AF070C27E6}.Release|iPhoneSimulator.Build.0 = Release|Any CPU
		{A480A32E-F178-4AA8-8A6A-82AF070C27E6}.Release|x64.ActiveCfg = Release|Any CPU
		{A480A32E-F178-4AA8-8A6A-82AF070C27E6}.Release|x64.Build.0 = Release|Any CPU
		{A480A32E-F178-4AA8-8A6A-82AF070C27E6}.Release|x86.ActiveCfg = Release|Any CPU
		{A480A32E-F178-4AA8-8A6A-82AF070C27E6}.Release|x86.Build.0 = Release|Any CPU
		{EEFBF8DA-8C2E-49E8-81D3-A6B7824D59EB}.Ad-Hoc|Any CPU.ActiveCfg = Release|Any CPU
		{EEFBF8DA-8C2E-49E8-81D3-A6B7824D59EB}.Ad-Hoc|Any CPU.Build.0 = Release|Any CPU
		{EEFBF8DA-8C2E-49E8-81D3-A6B7824D59EB}.Ad-Hoc|Any CPU.Deploy.0 = Release|Any CPU
		{EEFBF8DA-8C2E-49E8-81D3-A6B7824D59EB}.Ad-Hoc|ARM.ActiveCfg = Release|Any CPU
		{EEFBF8DA-8C2E-49E8-81D3-A6B7824D59EB}.Ad-Hoc|ARM.Build.0 = Release|Any CPU
		{EEFBF8DA-8C2E-49E8-81D3-A6B7824D59EB}.Ad-Hoc|ARM.Deploy.0 = Release|Any CPU
		{EEFBF8DA-8C2E-49E8-81D3-A6B7824D59EB}.Ad-Hoc|iPhone.ActiveCfg = Release|Any CPU
		{EEFBF8DA-8C2E-49E8-81D3-A6B7824D59EB}.Ad-Hoc|iPhone.Build.0 = Release|Any CPU
		{EEFBF8DA-8C2E-49E8-81D3-A6B7824D59EB}.Ad-Hoc|iPhone.Deploy.0 = Release|Any CPU
		{EEFBF8DA-8C2E-49E8-81D3-A6B7824D59EB}.Ad-Hoc|iPhoneSimulator.ActiveCfg = Release|Any CPU
		{EEFBF8DA-8C2E-49E8-81D3-A6B7824D59EB}.Ad-Hoc|iPhoneSimulator.Build.0 = Release|Any CPU
		{EEFBF8DA-8C2E-49E8-81D3-A6B7824D59EB}.Ad-Hoc|iPhoneSimulator.Deploy.0 = Release|Any CPU
		{EEFBF8DA-8C2E-49E8-81D3-A6B7824D59EB}.Ad-Hoc|x64.ActiveCfg = Release|Any CPU
		{EEFBF8DA-8C2E-49E8-81D3-A6B7824D59EB}.Ad-Hoc|x64.Build.0 = Release|Any CPU
		{EEFBF8DA-8C2E-49E8-81D3-A6B7824D59EB}.Ad-Hoc|x64.Deploy.0 = Release|Any CPU
		{EEFBF8DA-8C2E-49E8-81D3-A6B7824D59EB}.Ad-Hoc|x86.ActiveCfg = Release|Any CPU
		{EEFBF8DA-8C2E-49E8-81D3-A6B7824D59EB}.Ad-Hoc|x86.Build.0 = Release|Any CPU
		{EEFBF8DA-8C2E-49E8-81D3-A6B7824D59EB}.Ad-Hoc|x86.Deploy.0 = Release|Any CPU
		{EEFBF8DA-8C2E-49E8-81D3-A6B7824D59EB}.AppStore|Any CPU.ActiveCfg = Release|Any CPU
		{EEFBF8DA-8C2E-49E8-81D3-A6B7824D59EB}.AppStore|Any CPU.Build.0 = Release|Any CPU
		{EEFBF8DA-8C2E-49E8-81D3-A6B7824D59EB}.AppStore|Any CPU.Deploy.0 = Release|Any CPU
		{EEFBF8DA-8C2E-49E8-81D3-A6B7824D59EB}.AppStore|ARM.ActiveCfg = Release|Any CPU
		{EEFBF8DA-8C2E-49E8-81D3-A6B7824D59EB}.AppStore|ARM.Build.0 = Release|Any CPU
		{EEFBF8DA-8C2E-49E8-81D3-A6B7824D59EB}.AppStore|ARM.Deploy.0 = Release|Any CPU
		{EEFBF8DA-8C2E-49E8-81D3-A6B7824D59EB}.AppStore|iPhone.ActiveCfg = Release|Any CPU
		{EEFBF8DA-8C2E-49E8-81D3-A6B7824D59EB}.AppStore|iPhone.Build.0 = Release|Any CPU
		{EEFBF8DA-8C2E-49E8-81D3-A6B7824D59EB}.AppStore|iPhone.Deploy.0 = Release|Any CPU
		{EEFBF8DA-8C2E-49E8-81D3-A6B7824D59EB}.AppStore|iPhoneSimulator.ActiveCfg = Release|Any CPU
		{EEFBF8DA-8C2E-49E8-81D3-A6B7824D59EB}.AppStore|iPhoneSimulator.Build.0 = Release|Any CPU
		{EEFBF8DA-8C2E-49E8-81D3-A6B7824D59EB}.AppStore|iPhoneSimulator.Deploy.0 = Release|Any CPU
		{EEFBF8DA-8C2E-49E8-81D3-A6B7824D59EB}.AppStore|x64.ActiveCfg = Release|Any CPU
		{EEFBF8DA-8C2E-49E8-81D3-A6B7824D59EB}.AppStore|x64.Build.0 = Release|Any CPU
		{EEFBF8DA-8C2E-49E8-81D3-A6B7824D59EB}.AppStore|x64.Deploy.0 = Release|Any CPU
		{EEFBF8DA-8C2E-49E8-81D3-A6B7824D59EB}.AppStore|x86.ActiveCfg = Release|Any CPU
		{EEFBF8DA-8C2E-49E8-81D3-A6B7824D59EB}.AppStore|x86.Build.0 = Release|Any CPU
		{EEFBF8DA-8C2E-49E8-81D3-A6B7824D59EB}.AppStore|x86.Deploy.0 = Release|Any CPU
		{EEFBF8DA-8C2E-49E8-81D3-A6B7824D59EB}.Debug|Any CPU.ActiveCfg = Debug|Any CPU
		{EEFBF8DA-8C2E-49E8-81D3-A6B7824D59EB}.Debug|Any CPU.Build.0 = Debug|Any CPU
		{EEFBF8DA-8C2E-49E8-81D3-A6B7824D59EB}.Debug|Any CPU.Deploy.0 = Debug|Any CPU
		{EEFBF8DA-8C2E-49E8-81D3-A6B7824D59EB}.Debug|ARM.ActiveCfg = Debug|Any CPU
		{EEFBF8DA-8C2E-49E8-81D3-A6B7824D59EB}.Debug|ARM.Build.0 = Debug|Any CPU
		{EEFBF8DA-8C2E-49E8-81D3-A6B7824D59EB}.Debug|ARM.Deploy.0 = Debug|Any CPU
		{EEFBF8DA-8C2E-49E8-81D3-A6B7824D59EB}.Debug|iPhone.ActiveCfg = Debug|Any CPU
		{EEFBF8DA-8C2E-49E8-81D3-A6B7824D59EB}.Debug|iPhone.Build.0 = Debug|Any CPU
		{EEFBF8DA-8C2E-49E8-81D3-A6B7824D59EB}.Debug|iPhone.Deploy.0 = Debug|Any CPU
		{EEFBF8DA-8C2E-49E8-81D3-A6B7824D59EB}.Debug|iPhoneSimulator.ActiveCfg = Debug|Any CPU
		{EEFBF8DA-8C2E-49E8-81D3-A6B7824D59EB}.Debug|iPhoneSimulator.Build.0 = Debug|Any CPU
		{EEFBF8DA-8C2E-49E8-81D3-A6B7824D59EB}.Debug|iPhoneSimulator.Deploy.0 = Debug|Any CPU
		{EEFBF8DA-8C2E-49E8-81D3-A6B7824D59EB}.Debug|x64.ActiveCfg = Debug|Any CPU
		{EEFBF8DA-8C2E-49E8-81D3-A6B7824D59EB}.Debug|x64.Build.0 = Debug|Any CPU
		{EEFBF8DA-8C2E-49E8-81D3-A6B7824D59EB}.Debug|x64.Deploy.0 = Debug|Any CPU
		{EEFBF8DA-8C2E-49E8-81D3-A6B7824D59EB}.Debug|x86.ActiveCfg = Debug|Any CPU
		{EEFBF8DA-8C2E-49E8-81D3-A6B7824D59EB}.Debug|x86.Build.0 = Debug|Any CPU
		{EEFBF8DA-8C2E-49E8-81D3-A6B7824D59EB}.Debug|x86.Deploy.0 = Debug|Any CPU
		{EEFBF8DA-8C2E-49E8-81D3-A6B7824D59EB}.Release|Any CPU.ActiveCfg = Release|Any CPU
		{EEFBF8DA-8C2E-49E8-81D3-A6B7824D59EB}.Release|Any CPU.Build.0 = Release|Any CPU
		{EEFBF8DA-8C2E-49E8-81D3-A6B7824D59EB}.Release|Any CPU.Deploy.0 = Release|Any CPU
		{EEFBF8DA-8C2E-49E8-81D3-A6B7824D59EB}.Release|ARM.ActiveCfg = Release|Any CPU
		{EEFBF8DA-8C2E-49E8-81D3-A6B7824D59EB}.Release|ARM.Build.0 = Release|Any CPU
		{EEFBF8DA-8C2E-49E8-81D3-A6B7824D59EB}.Release|ARM.Deploy.0 = Release|Any CPU
		{EEFBF8DA-8C2E-49E8-81D3-A6B7824D59EB}.Release|iPhone.ActiveCfg = Release|Any CPU
		{EEFBF8DA-8C2E-49E8-81D3-A6B7824D59EB}.Release|iPhone.Build.0 = Release|Any CPU
		{EEFBF8DA-8C2E-49E8-81D3-A6B7824D59EB}.Release|iPhone.Deploy.0 = Release|Any CPU
		{EEFBF8DA-8C2E-49E8-81D3-A6B7824D59EB}.Release|iPhoneSimulator.ActiveCfg = Release|Any CPU
		{EEFBF8DA-8C2E-49E8-81D3-A6B7824D59EB}.Release|iPhoneSimulator.Build.0 = Release|Any CPU
		{EEFBF8DA-8C2E-49E8-81D3-A6B7824D59EB}.Release|iPhoneSimulator.Deploy.0 = Release|Any CPU
		{EEFBF8DA-8C2E-49E8-81D3-A6B7824D59EB}.Release|x64.ActiveCfg = Release|Any CPU
		{EEFBF8DA-8C2E-49E8-81D3-A6B7824D59EB}.Release|x64.Build.0 = Release|Any CPU
		{EEFBF8DA-8C2E-49E8-81D3-A6B7824D59EB}.Release|x64.Deploy.0 = Release|Any CPU
		{EEFBF8DA-8C2E-49E8-81D3-A6B7824D59EB}.Release|x86.ActiveCfg = Release|Any CPU
		{EEFBF8DA-8C2E-49E8-81D3-A6B7824D59EB}.Release|x86.Build.0 = Release|Any CPU
		{EEFBF8DA-8C2E-49E8-81D3-A6B7824D59EB}.Release|x86.Deploy.0 = Release|Any CPU
		{1AC4D4D2-694C-4E12-8F65-180BB27766F9}.Ad-Hoc|Any CPU.ActiveCfg = Ad-Hoc|iPhone
		{1AC4D4D2-694C-4E12-8F65-180BB27766F9}.Ad-Hoc|ARM.ActiveCfg = Ad-Hoc|iPhone
		{1AC4D4D2-694C-4E12-8F65-180BB27766F9}.Ad-Hoc|iPhone.ActiveCfg = Ad-Hoc|iPhone
		{1AC4D4D2-694C-4E12-8F65-180BB27766F9}.Ad-Hoc|iPhone.Build.0 = Ad-Hoc|iPhone
		{1AC4D4D2-694C-4E12-8F65-180BB27766F9}.Ad-Hoc|iPhoneSimulator.ActiveCfg = Ad-Hoc|iPhoneSimulator
		{1AC4D4D2-694C-4E12-8F65-180BB27766F9}.Ad-Hoc|iPhoneSimulator.Build.0 = Ad-Hoc|iPhoneSimulator
		{1AC4D4D2-694C-4E12-8F65-180BB27766F9}.Ad-Hoc|x64.ActiveCfg = Ad-Hoc|iPhone
		{1AC4D4D2-694C-4E12-8F65-180BB27766F9}.Ad-Hoc|x86.ActiveCfg = Ad-Hoc|iPhone
		{1AC4D4D2-694C-4E12-8F65-180BB27766F9}.AppStore|Any CPU.ActiveCfg = AppStore|iPhone
		{1AC4D4D2-694C-4E12-8F65-180BB27766F9}.AppStore|ARM.ActiveCfg = AppStore|iPhone
		{1AC4D4D2-694C-4E12-8F65-180BB27766F9}.AppStore|iPhone.ActiveCfg = AppStore|iPhone
		{1AC4D4D2-694C-4E12-8F65-180BB27766F9}.AppStore|iPhone.Build.0 = AppStore|iPhone
		{1AC4D4D2-694C-4E12-8F65-180BB27766F9}.AppStore|iPhoneSimulator.ActiveCfg = AppStore|iPhoneSimulator
		{1AC4D4D2-694C-4E12-8F65-180BB27766F9}.AppStore|iPhoneSimulator.Build.0 = AppStore|iPhoneSimulator
		{1AC4D4D2-694C-4E12-8F65-180BB27766F9}.AppStore|x64.ActiveCfg = AppStore|iPhone
		{1AC4D4D2-694C-4E12-8F65-180BB27766F9}.AppStore|x86.ActiveCfg = AppStore|iPhone
		{1AC4D4D2-694C-4E12-8F65-180BB27766F9}.Debug|Any CPU.ActiveCfg = Debug|iPhone
		{1AC4D4D2-694C-4E12-8F65-180BB27766F9}.Debug|ARM.ActiveCfg = Debug|iPhone
		{1AC4D4D2-694C-4E12-8F65-180BB27766F9}.Debug|iPhone.ActiveCfg = Debug|iPhone
		{1AC4D4D2-694C-4E12-8F65-180BB27766F9}.Debug|iPhone.Build.0 = Debug|iPhone
		{1AC4D4D2-694C-4E12-8F65-180BB27766F9}.Debug|iPhoneSimulator.ActiveCfg = Debug|iPhoneSimulator
		{1AC4D4D2-694C-4E12-8F65-180BB27766F9}.Debug|iPhoneSimulator.Build.0 = Debug|iPhoneSimulator
		{1AC4D4D2-694C-4E12-8F65-180BB27766F9}.Debug|x64.ActiveCfg = Debug|iPhone
		{1AC4D4D2-694C-4E12-8F65-180BB27766F9}.Debug|x86.ActiveCfg = Debug|iPhone
		{1AC4D4D2-694C-4E12-8F65-180BB27766F9}.Release|Any CPU.ActiveCfg = Release|iPhone
		{1AC4D4D2-694C-4E12-8F65-180BB27766F9}.Release|ARM.ActiveCfg = Release|iPhone
		{1AC4D4D2-694C-4E12-8F65-180BB27766F9}.Release|iPhone.ActiveCfg = Release|iPhone
		{1AC4D4D2-694C-4E12-8F65-180BB27766F9}.Release|iPhone.Build.0 = Release|iPhone
		{1AC4D4D2-694C-4E12-8F65-180BB27766F9}.Release|iPhoneSimulator.ActiveCfg = Release|iPhoneSimulator
		{1AC4D4D2-694C-4E12-8F65-180BB27766F9}.Release|iPhoneSimulator.Build.0 = Release|iPhoneSimulator
		{1AC4D4D2-694C-4E12-8F65-180BB27766F9}.Release|x64.ActiveCfg = Release|iPhone
		{1AC4D4D2-694C-4E12-8F65-180BB27766F9}.Release|x86.ActiveCfg = Release|iPhone
		{34E58818-D5EB-404C-9385-4DE0F9F1E030}.Ad-Hoc|Any CPU.ActiveCfg = Release|x86
		{34E58818-D5EB-404C-9385-4DE0F9F1E030}.Ad-Hoc|Any CPU.Build.0 = Release|x86
		{34E58818-D5EB-404C-9385-4DE0F9F1E030}.Ad-Hoc|Any CPU.Deploy.0 = Release|x86
		{34E58818-D5EB-404C-9385-4DE0F9F1E030}.Ad-Hoc|ARM.ActiveCfg = Release|ARM
		{34E58818-D5EB-404C-9385-4DE0F9F1E030}.Ad-Hoc|ARM.Build.0 = Release|ARM
		{34E58818-D5EB-404C-9385-4DE0F9F1E030}.Ad-Hoc|ARM.Deploy.0 = Release|ARM
		{34E58818-D5EB-404C-9385-4DE0F9F1E030}.Ad-Hoc|iPhone.ActiveCfg = Release|x86
		{34E58818-D5EB-404C-9385-4DE0F9F1E030}.Ad-Hoc|iPhone.Build.0 = Release|x86
		{34E58818-D5EB-404C-9385-4DE0F9F1E030}.Ad-Hoc|iPhone.Deploy.0 = Release|x86
		{34E58818-D5EB-404C-9385-4DE0F9F1E030}.Ad-Hoc|iPhoneSimulator.ActiveCfg = Release|x86
		{34E58818-D5EB-404C-9385-4DE0F9F1E030}.Ad-Hoc|iPhoneSimulator.Build.0 = Release|x86
		{34E58818-D5EB-404C-9385-4DE0F9F1E030}.Ad-Hoc|iPhoneSimulator.Deploy.0 = Release|x86
		{34E58818-D5EB-404C-9385-4DE0F9F1E030}.Ad-Hoc|x64.ActiveCfg = Release|x64
		{34E58818-D5EB-404C-9385-4DE0F9F1E030}.Ad-Hoc|x64.Build.0 = Release|x64
		{34E58818-D5EB-404C-9385-4DE0F9F1E030}.Ad-Hoc|x64.Deploy.0 = Release|x64
		{34E58818-D5EB-404C-9385-4DE0F9F1E030}.Ad-Hoc|x86.ActiveCfg = Release|x86
		{34E58818-D5EB-404C-9385-4DE0F9F1E030}.Ad-Hoc|x86.Build.0 = Release|x86
		{34E58818-D5EB-404C-9385-4DE0F9F1E030}.Ad-Hoc|x86.Deploy.0 = Release|x86
		{34E58818-D5EB-404C-9385-4DE0F9F1E030}.AppStore|Any CPU.ActiveCfg = Release|x86
		{34E58818-D5EB-404C-9385-4DE0F9F1E030}.AppStore|Any CPU.Build.0 = Release|x86
		{34E58818-D5EB-404C-9385-4DE0F9F1E030}.AppStore|Any CPU.Deploy.0 = Release|x86
		{34E58818-D5EB-404C-9385-4DE0F9F1E030}.AppStore|ARM.ActiveCfg = Release|ARM
		{34E58818-D5EB-404C-9385-4DE0F9F1E030}.AppStore|ARM.Build.0 = Release|ARM
		{34E58818-D5EB-404C-9385-4DE0F9F1E030}.AppStore|ARM.Deploy.0 = Release|ARM
		{34E58818-D5EB-404C-9385-4DE0F9F1E030}.AppStore|iPhone.ActiveCfg = Release|x86
		{34E58818-D5EB-404C-9385-4DE0F9F1E030}.AppStore|iPhone.Build.0 = Release|x86
		{34E58818-D5EB-404C-9385-4DE0F9F1E030}.AppStore|iPhone.Deploy.0 = Release|x86
		{34E58818-D5EB-404C-9385-4DE0F9F1E030}.AppStore|iPhoneSimulator.ActiveCfg = Release|x86
		{34E58818-D5EB-404C-9385-4DE0F9F1E030}.AppStore|iPhoneSimulator.Build.0 = Release|x86
		{34E58818-D5EB-404C-9385-4DE0F9F1E030}.AppStore|iPhoneSimulator.Deploy.0 = Release|x86
		{34E58818-D5EB-404C-9385-4DE0F9F1E030}.AppStore|x64.ActiveCfg = Release|x64
		{34E58818-D5EB-404C-9385-4DE0F9F1E030}.AppStore|x64.Build.0 = Release|x64
		{34E58818-D5EB-404C-9385-4DE0F9F1E030}.AppStore|x64.Deploy.0 = Release|x64
		{34E58818-D5EB-404C-9385-4DE0F9F1E030}.AppStore|x86.ActiveCfg = Release|x86
		{34E58818-D5EB-404C-9385-4DE0F9F1E030}.AppStore|x86.Build.0 = Release|x86
		{34E58818-D5EB-404C-9385-4DE0F9F1E030}.AppStore|x86.Deploy.0 = Release|x86
		{34E58818-D5EB-404C-9385-4DE0F9F1E030}.Debug|Any CPU.ActiveCfg = Debug|x86
		{34E58818-D5EB-404C-9385-4DE0F9F1E030}.Debug|ARM.ActiveCfg = Debug|ARM
		{34E58818-D5EB-404C-9385-4DE0F9F1E030}.Debug|ARM.Build.0 = Debug|ARM
		{34E58818-D5EB-404C-9385-4DE0F9F1E030}.Debug|ARM.Deploy.0 = Debug|ARM
		{34E58818-D5EB-404C-9385-4DE0F9F1E030}.Debug|iPhone.ActiveCfg = Debug|x86
		{34E58818-D5EB-404C-9385-4DE0F9F1E030}.Debug|iPhoneSimulator.ActiveCfg = Debug|x86
		{34E58818-D5EB-404C-9385-4DE0F9F1E030}.Debug|x64.ActiveCfg = Debug|x64
		{34E58818-D5EB-404C-9385-4DE0F9F1E030}.Debug|x64.Build.0 = Debug|x64
		{34E58818-D5EB-404C-9385-4DE0F9F1E030}.Debug|x64.Deploy.0 = Debug|x64
		{34E58818-D5EB-404C-9385-4DE0F9F1E030}.Debug|x86.ActiveCfg = Debug|x86
		{34E58818-D5EB-404C-9385-4DE0F9F1E030}.Debug|x86.Build.0 = Debug|x86
		{34E58818-D5EB-404C-9385-4DE0F9F1E030}.Debug|x86.Deploy.0 = Debug|x86
		{34E58818-D5EB-404C-9385-4DE0F9F1E030}.Release|Any CPU.ActiveCfg = Release|x86
		{34E58818-D5EB-404C-9385-4DE0F9F1E030}.Release|ARM.ActiveCfg = Release|ARM
		{34E58818-D5EB-404C-9385-4DE0F9F1E030}.Release|ARM.Build.0 = Release|ARM
		{34E58818-D5EB-404C-9385-4DE0F9F1E030}.Release|ARM.Deploy.0 = Release|ARM
		{34E58818-D5EB-404C-9385-4DE0F9F1E030}.Release|iPhone.ActiveCfg = Release|x86
		{34E58818-D5EB-404C-9385-4DE0F9F1E030}.Release|iPhoneSimulator.ActiveCfg = Release|x86
		{34E58818-D5EB-404C-9385-4DE0F9F1E030}.Release|x64.ActiveCfg = Release|x64
		{34E58818-D5EB-404C-9385-4DE0F9F1E030}.Release|x64.Build.0 = Release|x64
		{34E58818-D5EB-404C-9385-4DE0F9F1E030}.Release|x64.Deploy.0 = Release|x64
		{34E58818-D5EB-404C-9385-4DE0F9F1E030}.Release|x86.ActiveCfg = Release|x86
		{34E58818-D5EB-404C-9385-4DE0F9F1E030}.Release|x86.Build.0 = Release|x86
		{34E58818-D5EB-404C-9385-4DE0F9F1E030}.Release|x86.Deploy.0 = Release|x86
		{ADCBD500-EC4A-4794-A798-BB1D0B039F7B}.Ad-Hoc|Any CPU.ActiveCfg = Debug|Any CPU
		{ADCBD500-EC4A-4794-A798-BB1D0B039F7B}.Ad-Hoc|Any CPU.Build.0 = Debug|Any CPU
		{ADCBD500-EC4A-4794-A798-BB1D0B039F7B}.Ad-Hoc|ARM.ActiveCfg = Debug|Any CPU
		{ADCBD500-EC4A-4794-A798-BB1D0B039F7B}.Ad-Hoc|ARM.Build.0 = Debug|Any CPU
		{ADCBD500-EC4A-4794-A798-BB1D0B039F7B}.Ad-Hoc|iPhone.ActiveCfg = Debug|Any CPU
		{ADCBD500-EC4A-4794-A798-BB1D0B039F7B}.Ad-Hoc|iPhone.Build.0 = Debug|Any CPU
		{ADCBD500-EC4A-4794-A798-BB1D0B039F7B}.Ad-Hoc|iPhoneSimulator.ActiveCfg = Debug|Any CPU
		{ADCBD500-EC4A-4794-A798-BB1D0B039F7B}.Ad-Hoc|iPhoneSimulator.Build.0 = Debug|Any CPU
		{ADCBD500-EC4A-4794-A798-BB1D0B039F7B}.Ad-Hoc|x64.ActiveCfg = Debug|Any CPU
		{ADCBD500-EC4A-4794-A798-BB1D0B039F7B}.Ad-Hoc|x64.Build.0 = Debug|Any CPU
		{ADCBD500-EC4A-4794-A798-BB1D0B039F7B}.Ad-Hoc|x86.ActiveCfg = Debug|Any CPU
		{ADCBD500-EC4A-4794-A798-BB1D0B039F7B}.Ad-Hoc|x86.Build.0 = Debug|Any CPU
		{ADCBD500-EC4A-4794-A798-BB1D0B039F7B}.AppStore|Any CPU.ActiveCfg = Debug|Any CPU
		{ADCBD500-EC4A-4794-A798-BB1D0B039F7B}.AppStore|Any CPU.Build.0 = Debug|Any CPU
		{ADCBD500-EC4A-4794-A798-BB1D0B039F7B}.AppStore|ARM.ActiveCfg = Debug|Any CPU
		{ADCBD500-EC4A-4794-A798-BB1D0B039F7B}.AppStore|ARM.Build.0 = Debug|Any CPU
		{ADCBD500-EC4A-4794-A798-BB1D0B039F7B}.AppStore|iPhone.ActiveCfg = Debug|Any CPU
		{ADCBD500-EC4A-4794-A798-BB1D0B039F7B}.AppStore|iPhone.Build.0 = Debug|Any CPU
		{ADCBD500-EC4A-4794-A798-BB1D0B039F7B}.AppStore|iPhoneSimulator.ActiveCfg = Debug|Any CPU
		{ADCBD500-EC4A-4794-A798-BB1D0B039F7B}.AppStore|iPhoneSimulator.Build.0 = Debug|Any CPU
		{ADCBD500-EC4A-4794-A798-BB1D0B039F7B}.AppStore|x64.ActiveCfg = Debug|Any CPU
		{ADCBD500-EC4A-4794-A798-BB1D0B039F7B}.AppStore|x64.Build.0 = Debug|Any CPU
		{ADCBD500-EC4A-4794-A798-BB1D0B039F7B}.AppStore|x86.ActiveCfg = Debug|Any CPU
		{ADCBD500-EC4A-4794-A798-BB1D0B039F7B}.AppStore|x86.Build.0 = Debug|Any CPU
		{ADCBD500-EC4A-4794-A798-BB1D0B039F7B}.Debug|Any CPU.ActiveCfg = Debug|Any CPU
		{ADCBD500-EC4A-4794-A798-BB1D0B039F7B}.Debug|Any CPU.Build.0 = Debug|Any CPU
		{ADCBD500-EC4A-4794-A798-BB1D0B039F7B}.Debug|ARM.ActiveCfg = Debug|Any CPU
		{ADCBD500-EC4A-4794-A798-BB1D0B039F7B}.Debug|ARM.Build.0 = Debug|Any CPU
		{ADCBD500-EC4A-4794-A798-BB1D0B039F7B}.Debug|iPhone.ActiveCfg = Debug|Any CPU
		{ADCBD500-EC4A-4794-A798-BB1D0B039F7B}.Debug|iPhone.Build.0 = Debug|Any CPU
		{ADCBD500-EC4A-4794-A798-BB1D0B039F7B}.Debug|iPhoneSimulator.ActiveCfg = Debug|Any CPU
		{ADCBD500-EC4A-4794-A798-BB1D0B039F7B}.Debug|iPhoneSimulator.Build.0 = Debug|Any CPU
		{ADCBD500-EC4A-4794-A798-BB1D0B039F7B}.Debug|x64.ActiveCfg = Debug|Any CPU
		{ADCBD500-EC4A-4794-A798-BB1D0B039F7B}.Debug|x64.Build.0 = Debug|Any CPU
		{ADCBD500-EC4A-4794-A798-BB1D0B039F7B}.Debug|x86.ActiveCfg = Debug|Any CPU
		{ADCBD500-EC4A-4794-A798-BB1D0B039F7B}.Debug|x86.Build.0 = Debug|Any CPU
		{ADCBD500-EC4A-4794-A798-BB1D0B039F7B}.Release|Any CPU.ActiveCfg = Release|Any CPU
		{ADCBD500-EC4A-4794-A798-BB1D0B039F7B}.Release|Any CPU.Build.0 = Release|Any CPU
		{ADCBD500-EC4A-4794-A798-BB1D0B039F7B}.Release|ARM.ActiveCfg = Release|Any CPU
		{ADCBD500-EC4A-4794-A798-BB1D0B039F7B}.Release|ARM.Build.0 = Release|Any CPU
		{ADCBD500-EC4A-4794-A798-BB1D0B039F7B}.Release|iPhone.ActiveCfg = Release|Any CPU
		{ADCBD500-EC4A-4794-A798-BB1D0B039F7B}.Release|iPhone.Build.0 = Release|Any CPU
		{ADCBD500-EC4A-4794-A798-BB1D0B039F7B}.Release|iPhoneSimulator.ActiveCfg = Release|Any CPU
		{ADCBD500-EC4A-4794-A798-BB1D0B039F7B}.Release|iPhoneSimulator.Build.0 = Release|Any CPU
		{ADCBD500-EC4A-4794-A798-BB1D0B039F7B}.Release|x64.ActiveCfg = Release|Any CPU
		{ADCBD500-EC4A-4794-A798-BB1D0B039F7B}.Release|x64.Build.0 = Release|Any CPU
		{ADCBD500-EC4A-4794-A798-BB1D0B039F7B}.Release|x86.ActiveCfg = Release|Any CPU
		{ADCBD500-EC4A-4794-A798-BB1D0B039F7B}.Release|x86.Build.0 = Release|Any CPU
	EndGlobalSection
	GlobalSection(SolutionProperties) = preSolution
		HideSolutionNode = FALSE
	EndGlobalSection
	GlobalSection(NestedProjects) = preSolution
		{A480A32E-F178-4AA8-8A6A-82AF070C27E6} = {92275DBB-1BE7-4DBC-93C0-5341AA353E8C}
		{EEFBF8DA-8C2E-49E8-81D3-A6B7824D59EB} = {92275DBB-1BE7-4DBC-93C0-5341AA353E8C}
		{1AC4D4D2-694C-4E12-8F65-180BB27766F9} = {92275DBB-1BE7-4DBC-93C0-5341AA353E8C}
		{34E58818-D5EB-404C-9385-4DE0F9F1E030} = {92275DBB-1BE7-4DBC-93C0-5341AA353E8C}
		{ADCBD500-EC4A-4794-A798-BB1D0B039F7B} = {68A7D041-575C-42DB-8437-61B0BB710D1E}
	EndGlobalSection
	GlobalSection(ExtensibilityGlobals) = postSolution
		SolutionGuid = {31BC4A70-6507-4BDE-BE31-002A535C584A}
	EndGlobalSection
EndGlobal
